// !$*UTF8*$!
{
	archiveVersion = 1;
	classes = {
	};
	objectVersion = 48;
	objects = {

/* Begin PBXBuildFile section */
		6441E4EF1FE65C0400848B60 /* AppDelegate.swift in Sources */ = {isa = PBXBuildFile; fileRef = 6441E4EE1FE65C0400848B60 /* AppDelegate.swift */; };
		6441E4F11FE65C0400848B60 /* ViewController.swift in Sources */ = {isa = PBXBuildFile; fileRef = 6441E4F01FE65C0400848B60 /* ViewController.swift */; };
		6441E4F41FE65C0400848B60 /* Main.storyboard in Resources */ = {isa = PBXBuildFile; fileRef = 6441E4F21FE65C0400848B60 /* Main.storyboard */; };
		6441E4F61FE65C0400848B60 /* Assets.xcassets in Resources */ = {isa = PBXBuildFile; fileRef = 6441E4F51FE65C0400848B60 /* Assets.xcassets */; };
		6441E4F91FE65C0400848B60 /* LaunchScreen.storyboard in Resources */ = {isa = PBXBuildFile; fileRef = 6441E4F71FE65C0400848B60 /* LaunchScreen.storyboard */; };
		73D04CD682BF8B1AACDB9B8A /* Pods_RxSwift_TableView.framework in Frameworks */ = {isa = PBXBuildFile; fileRef = EFB072DEC563E24A040BCD91 /* Pods_RxSwift_TableView.framework */; };
/* End PBXBuildFile section */

/* Begin PBXFileReference section */
		4BBC6A43450802404C037755 /* Pods-RxSwift_TableView.release.xcconfig */ = {isa = PBXFileReference; includeInIndex = 1; lastKnownFileType = text.xcconfig; name = "Pods-RxSwift_TableView.release.xcconfig"; path = "Pods/Target Support Files/Pods-RxSwift_TableView/Pods-RxSwift_TableView.release.xcconfig"; sourceTree = "<group>"; };
		6441E4EB1FE65C0400848B60 /* RxSwift_TableView.app */ = {isa = PBXFileReference; explicitFileType = wrapper.application; includeInIndex = 0; path = RxSwift_TableView.app; sourceTree = BUILT_PRODUCTS_DIR; };
		6441E4EE1FE65C0400848B60 /* AppDelegate.swift */ = {isa = PBXFileReference; lastKnownFileType = sourcecode.swift; path = AppDelegate.swift; sourceTree = "<group>"; };
		6441E4F01FE65C0400848B60 /* ViewController.swift */ = {isa = PBXFileReference; lastKnownFileType = sourcecode.swift; path = ViewController.swift; sourceTree = "<group>"; };
		6441E4F31FE65C0400848B60 /* Base */ = {isa = PBXFileReference; lastKnownFileType = file.storyboard; name = Base; path = Base.lproj/Main.storyboard; sourceTree = "<group>"; };
		6441E4F51FE65C0400848B60 /* Assets.xcassets */ = {isa = PBXFileReference; lastKnownFileType = folder.assetcatalog; path = Assets.xcassets; sourceTree = "<group>"; };
		6441E4F81FE65C0400848B60 /* Base */ = {isa = PBXFileReference; lastKnownFileType = file.storyboard; name = Base; path = Base.lproj/LaunchScreen.storyboard; sourceTree = "<group>"; };
		6441E4FA1FE65C0400848B60 /* Info.plist */ = {isa = PBXFileReference; lastKnownFileType = text.plist.xml; path = Info.plist; sourceTree = "<group>"; };
		ED3A144C653CE205EC7ADA56 /* Pods-RxSwift_TableView.debug.xcconfig */ = {isa = PBXFileReference; includeInIndex = 1; lastKnownFileType = text.xcconfig; name = "Pods-RxSwift_TableView.debug.xcconfig"; path = "Pods/Target Support Files/Pods-RxSwift_TableView/Pods-RxSwift_TableView.debug.xcconfig"; sourceTree = "<group>"; };
		EFB072DEC563E24A040BCD91 /* Pods_RxSwift_TableView.framework */ = {isa = PBXFileReference; explicitFileType = wrapper.framework; includeInIndex = 0; path = Pods_RxSwift_TableView.framework; sourceTree = BUILT_PRODUCTS_DIR; };
/* End PBXFileReference section */

/* Begin PBXFrameworksBuildPhase section */
		6441E4E81FE65C0400848B60 /* Frameworks */ = {
			isa = PBXFrameworksBuildPhase;
			buildActionMask = 2147483647;
			files = (
				73D04CD682BF8B1AACDB9B8A /* Pods_RxSwift_TableView.framework in Frameworks */,
			);
			runOnlyForDeploymentPostprocessing = 0;
		};
/* End PBXFrameworksBuildPhase section */

/* Begin PBXGroup section */
		6441E4E21FE65C0400848B60 = {
			isa = PBXGroup;
			children = (
				6441E4ED1FE65C0400848B60 /* RxSwift_TableView */,
				6441E4EC1FE65C0400848B60 /* Products */,
				84BEF233F995BF88EF146FCA /* Pods */,
				9DE14F0F9D237213ED2F271A /* Frameworks */,
			);
			sourceTree = "<group>";
		};
		6441E4EC1FE65C0400848B60 /* Products */ = {
			isa = PBXGroup;
			children = (
				6441E4EB1FE65C0400848B60 /* RxSwift_TableView.app */,
			);
			name = Products;
			sourceTree = "<group>";
		};
		6441E4ED1FE65C0400848B60 /* RxSwift_TableView */ = {
			isa = PBXGroup;
			children = (
				6441E4EE1FE65C0400848B60 /* AppDelegate.swift */,
				6441E4F01FE65C0400848B60 /* ViewController.swift */,
				6441E4F21FE65C0400848B60 /* Main.storyboard */,
				6441E4F51FE65C0400848B60 /* Assets.xcassets */,
				6441E4F71FE65C0400848B60 /* LaunchScreen.storyboard */,
				6441E4FA1FE65C0400848B60 /* Info.plist */,
			);
			path = RxSwift_TableView;
			sourceTree = "<group>";
		};
		84BEF233F995BF88EF146FCA /* Pods */ = {
			isa = PBXGroup;
			children = (
				ED3A144C653CE205EC7ADA56 /* Pods-RxSwift_TableView.debug.xcconfig */,
				4BBC6A43450802404C037755 /* Pods-RxSwift_TableView.release.xcconfig */,
			);
			name = Pods;
			sourceTree = "<group>";
		};
		9DE14F0F9D237213ED2F271A /* Frameworks */ = {
			isa = PBXGroup;
			children = (
				EFB072DEC563E24A040BCD91 /* Pods_RxSwift_TableView.framework */,
			);
			name = Frameworks;
			sourceTree = "<group>";
		};
/* End PBXGroup section */

/* Begin PBXNativeTarget section */
		6441E4EA1FE65C0400848B60 /* RxSwift_TableView */ = {
			isa = PBXNativeTarget;
			buildConfigurationList = 6441E4FD1FE65C0400848B60 /* Build configuration list for PBXNativeTarget "RxSwift_TableView" */;
			buildPhases = (
				304C789B528E96D237CDEB20 /* [CP] Check Pods Manifest.lock */,
				6441E4E71FE65C0400848B60 /* Sources */,
				6441E4E81FE65C0400848B60 /* Frameworks */,
				6441E4E91FE65C0400848B60 /* Resources */,
				61C715ECD59565507901E087 /* [CP] Embed Pods Frameworks */,
				81B87A7F9F3A18557EF328AE /* [CP] Copy Pods Resources */,
			);
			buildRules = (
			);
			dependencies = (
			);
			name = RxSwift_TableView;
			productName = RxSwift_TableView;
			productReference = 6441E4EB1FE65C0400848B60 /* RxSwift_TableView.app */;
			productType = "com.apple.product-type.application";
		};
/* End PBXNativeTarget section */

/* Begin PBXProject section */
		6441E4E31FE65C0400848B60 /* Project object */ = {
			isa = PBXProject;
			attributes = {
				LastSwiftUpdateCheck = 0920;
				LastUpgradeCheck = 0920;
				ORGANIZATIONNAME = "Yu Pin Weng";
				TargetAttributes = {
					6441E4EA1FE65C0400848B60 = {
						CreatedOnToolsVersion = 9.2;
						ProvisioningStyle = Automatic;
					};
				};
			};
			buildConfigurationList = 6441E4E61FE65C0400848B60 /* Build configuration list for PBXProject "RxSwift_TableView" */;
			compatibilityVersion = "Xcode 8.0";
			developmentRegion = en;
			hasScannedForEncodings = 0;
			knownRegions = (
				en,
				Base,
			);
			mainGroup = 6441E4E21FE65C0400848B60;
			productRefGroup = 6441E4EC1FE65C0400848B60 /* Products */;
			projectDirPath = "";
			projectRoot = "";
			targets = (
				6441E4EA1FE65C0400848B60 /* RxSwift_TableView */,
			);
		};
/* End PBXProject section */

/* Begin PBXResourcesBuildPhase section */
		6441E4E91FE65C0400848B60 /* Resources */ = {
			isa = PBXResourcesBuildPhase;
			buildActionMask = 2147483647;
			files = (
				6441E4F91FE65C0400848B60 /* LaunchScreen.storyboard in Resources */,
				6441E4F61FE65C0400848B60 /* Assets.xcassets in Resources */,
				6441E4F41FE65C0400848B60 /* Main.storyboard in Resources */,
			);
			runOnlyForDeploymentPostprocessing = 0;
		};
/* End PBXResourcesBuildPhase section */

/* Begin PBXShellScriptBuildPhase section */
		304C789B528E96D237CDEB20 /* [CP] Check Pods Manifest.lock */ = {
			isa = PBXShellScriptBuildPhase;
			buildActionMask = 2147483647;
			files = (
			);
			inputPaths = (
				"${PODS_PODFILE_DIR_PATH}/Podfile.lock",
				"${PODS_ROOT}/Manifest.lock",
			);
			name = "[CP] Check Pods Manifest.lock";
			outputPaths = (
				"$(DERIVED_FILE_DIR)/Pods-RxSwift_TableView-checkManifestLockResult.txt",
			);
			runOnlyForDeploymentPostprocessing = 0;
			shellPath = /bin/sh;
			shellScript = "diff \"${PODS_PODFILE_DIR_PATH}/Podfile.lock\" \"${PODS_ROOT}/Manifest.lock\" > /dev/null\nif [ $? != 0 ] ; then\n    # print error to STDERR\n    echo \"error: The sandbox is not in sync with the Podfile.lock. Run 'pod install' or update your CocoaPods installation.\" >&2\n    exit 1\nfi\n# This output is used by Xcode 'outputs' to avoid re-running this script phase.\necho \"SUCCESS\" > \"${SCRIPT_OUTPUT_FILE_0}\"\n";
			showEnvVarsInLog = 0;
		};
		61C715ECD59565507901E087 /* [CP] Embed Pods Frameworks */ = {
			isa = PBXShellScriptBuildPhase;
			buildActionMask = 2147483647;
			files = (
			);
			inputPaths = (
				"${SRCROOT}/Pods/Target Support Files/Pods-RxSwift_TableView/Pods-RxSwift_TableView-frameworks.sh",
				"${BUILT_PRODUCTS_DIR}/Differentiator/Differentiator.framework",
				"${BUILT_PRODUCTS_DIR}/RxCocoa/RxCocoa.framework",
				"${BUILT_PRODUCTS_DIR}/RxDataSources/RxDataSources.framework",
				"${BUILT_PRODUCTS_DIR}/RxSwift/RxSwift.framework",
			);
			name = "[CP] Embed Pods Frameworks";
			outputPaths = (
				"${TARGET_BUILD_DIR}/${FRAMEWORKS_FOLDER_PATH}/Differentiator.framework",
				"${TARGET_BUILD_DIR}/${FRAMEWORKS_FOLDER_PATH}/RxCocoa.framework",
				"${TARGET_BUILD_DIR}/${FRAMEWORKS_FOLDER_PATH}/RxDataSources.framework",
				"${TARGET_BUILD_DIR}/${FRAMEWORKS_FOLDER_PATH}/RxSwift.framework",
			);
			runOnlyForDeploymentPostprocessing = 0;
			shellPath = /bin/sh;
			shellScript = "\"${SRCROOT}/Pods/Target Support Files/Pods-RxSwift_TableView/Pods-RxSwift_TableView-frameworks.sh\"\n";
			showEnvVarsInLog = 0;
		};
		81B87A7F9F3A18557EF328AE /* [CP] Copy Pods Resources */ = {
			isa = PBXShellScriptBuildPhase;
			buildActionMask = 2147483647;
			files = (
			);
			inputPaths = (
			);
			name = "[CP] Copy Pods Resources";
			outputPaths = (
			);
			runOnlyForDeploymentPostprocessing = 0;
			shellPath = /bin/sh;
			shellScript = "\"${SRCROOT}/Pods/Target Support Files/Pods-RxSwift_TableView/Pods-RxSwift_TableView-resources.sh\"\n";
			showEnvVarsInLog = 0;
		};
/* End PBXShellScriptBuildPhase section */

/* Begin PBXSourcesBuildPhase section */
		6441E4E71FE65C0400848B60 /* Sources */ = {
			isa = PBXSourcesBuildPhase;
			buildActionMask = 2147483647;
			files = (
				6441E4F11FE65C0400848B60 /* ViewController.swift in Sources */,
				6441E4EF1FE65C0400848B60 /* AppDelegate.swift in Sources */,
			);
			runOnlyForDeploymentPostprocessing = 0;
		};
/* End PBXSourcesBuildPhase section */

/* Begin PBXVariantGroup section */
		6441E4F21FE65C0400848B60 /* Main.storyboard */ = {
			isa = PBXVariantGroup;
			children = (
				6441E4F31FE65C0400848B60 /* Base */,
			);
			name = Main.storyboard;
			sourceTree = "<group>";
		};
		6441E4F71FE65C0400848B60 /* LaunchScreen.storyboard */ = {
			isa = PBXVariantGroup;
			children = (
				6441E4F81FE65C0400848B60 /* Base */,
			);
			name = LaunchScreen.storyboard;
			sourceTree = "<group>";
		};
/* End PBXVariantGroup section */

/* Begin XCBuildConfiguration section */
		6441E4FB1FE65C0400848B60 /* Debug */ = {
			isa = XCBuildConfiguration;
			buildSettings = {
				ALWAYS_SEARCH_USER_PATHS = NO;
				CLANG_ANALYZER_NONNULL = YES;
				CLANG_ANALYZER_NUMBER_OBJECT_CONVERSION = YES_AGGRESSIVE;
				CLANG_CXX_LANGUAGE_STANDARD = "gnu++14";
				CLANG_CXX_LIBRARY = "libc++";
				CLANG_ENABLE_MODULES = YES;
				CLANG_ENABLE_OBJC_ARC = YES;
				CLANG_WARN_BLOCK_CAPTURE_AUTORELEASING = YES;
				CLANG_WARN_BOOL_CONVERSION = YES;
				CLANG_WARN_COMMA = YES;
				CLANG_WARN_CONSTANT_CONVERSION = YES;
				CLANG_WARN_DIRECT_OBJC_ISA_USAGE = YES_ERROR;
				CLANG_WARN_DOCUMENTATION_COMMENTS = YES;
				CLANG_WARN_EMPTY_BODY = YES;
				CLANG_WARN_ENUM_CONVERSION = YES;
				CLANG_WARN_INFINITE_RECURSION = YES;
				CLANG_WARN_INT_CONVERSION = YES;
				CLANG_WARN_NON_LITERAL_NULL_CONVERSION = YES;
				CLANG_WARN_OBJC_LITERAL_CONVERSION = YES;
				CLANG_WARN_OBJC_ROOT_CLASS = YES_ERROR;
				CLANG_WARN_RANGE_LOOP_ANALYSIS = YES;
				CLANG_WARN_STRICT_PROTOTYPES = YES;
				CLANG_WARN_SUSPICIOUS_MOVE = YES;
				CLANG_WARN_UNGUARDED_AVAILABILITY = YES_AGGRESSIVE;
				CLANG_WARN_UNREACHABLE_CODE = YES;
				CLANG_WARN__DUPLICATE_METHOD_MATCH = YES;
				CODE_SIGN_IDENTITY = "iPhone Developer";
				COPY_PHASE_STRIP = NO;
				DEBUG_INFORMATION_FORMAT = dwarf;
				ENABLE_STRICT_OBJC_MSGSEND = YES;
				ENABLE_TESTABILITY = YES;
				GCC_C_LANGUAGE_STANDARD = gnu11;
				GCC_DYNAMIC_NO_PIC = NO;
				GCC_NO_COMMON_BLOCKS = YES;
				GCC_OPTIMIZATION_LEVEL = 0;
				GCC_PREPROCESSOR_DEFINITIONS = (
					"DEBUG=1",
					"$(inherited)",
				);
				GCC_WARN_64_TO_32_BIT_CONVERSION = YES;
				GCC_WARN_ABOUT_RETURN_TYPE = YES_ERROR;
				GCC_WARN_UNDECLARED_SELECTOR = YES;
				GCC_WARN_UNINITIALIZED_AUTOS = YES_AGGRESSIVE;
				GCC_WARN_UNUSED_FUNCTION = YES;
				GCC_WARN_UNUSED_VARIABLE = YES;
				IPHONEOS_DEPLOYMENT_TARGET = 11.2;
				MTL_ENABLE_DEBUG_INFO = YES;
				ONLY_ACTIVE_ARCH = YES;
				SDKROOT = iphoneos;
				SWIFT_ACTIVE_COMPILATION_CONDITIONS = DEBUG;
				SWIFT_OPTIMIZATION_LEVEL = "-Onone";
			};
			name = Debug;
		};
		6441E4FC1FE65C0400848B60 /* Release */ = {
			isa = XCBuildConfiguration;
			buildSettings = {
				ALWAYS_SEARCH_USER_PATHS = NO;
				CLANG_ANALYZER_NONNULL = YES;
				CLANG_ANALYZER_NUMBER_OBJECT_CONVERSION = YES_AGGRESSIVE;
				CLANG_CXX_LANGUAGE_STANDARD = "gnu++14";
				CLANG_CXX_LIBRARY = "libc++";
				CLANG_ENABLE_MODULES = YES;
				CLANG_ENABLE_OBJC_ARC = YES;
				CLANG_WARN_BLOCK_CAPTURE_AUTORELEASING = YES;
				CLANG_WARN_BOOL_CONVERSION = YES;
				CLANG_WARN_COMMA = YES;
				CLANG_WARN_CONSTANT_CONVERSION = YES;
				CLANG_WARN_DIRECT_OBJC_ISA_USAGE = YES_ERROR;
				CLANG_WARN_DOCUMENTATION_COMMENTS = YES;
				CLANG_WARN_EMPTY_BODY = YES;
				CLANG_WARN_ENUM_CONVERSION = YES;
				CLANG_WARN_INFINITE_RECURSION = YES;
				CLANG_WARN_INT_CONVERSION = YES;
				CLANG_WARN_NON_LITERAL_NULL_CONVERSION = YES;
				CLANG_WARN_OBJC_LITERAL_CONVERSION = YES;
				CLANG_WARN_OBJC_ROOT_CLASS = YES_ERROR;
				CLANG_WARN_RANGE_LOOP_ANALYSIS = YES;
				CLANG_WARN_STRICT_PROTOTYPES = YES;
				CLANG_WARN_SUSPICIOUS_MOVE = YES;
				CLANG_WARN_UNGUARDED_AVAILABILITY = YES_AGGRESSIVE;
				CLANG_WARN_UNREACHABLE_CODE = YES;
				CLANG_WARN__DUPLICATE_METHOD_MATCH = YES;
				CODE_SIGN_IDENTITY = "iPhone Developer";
				COPY_PHASE_STRIP = NO;
				DEBUG_INFORMATION_FORMAT = "dwarf-with-dsym";
				ENABLE_NS_ASSERTIONS = NO;
				ENABLE_STRICT_OBJC_MSGSEND = YES;
				GCC_C_LANGUAGE_STANDARD = gnu11;
				GCC_NO_COMMON_BLOCKS = YES;
				GCC_WARN_64_TO_32_BIT_CONVERSION = YES;
				GCC_WARN_ABOUT_RETURN_TYPE = YES_ERROR;
				GCC_WARN_UNDECLARED_SELECTOR = YES;
				GCC_WARN_UNINITIALIZED_AUTOS = YES_AGGRESSIVE;
				GCC_WARN_UNUSED_FUNCTION = YES;
				GCC_WARN_UNUSED_VARIABLE = YES;
				IPHONEOS_DEPLOYMENT_TARGET = 11.2;
				MTL_ENABLE_DEBUG_INFO = NO;
				SDKROOT = iphoneos;
				SWIFT_OPTIMIZATION_LEVEL = "-Owholemodule";
				VALIDATE_PRODUCT = YES;
			};
			name = Release;
		};
		6441E4FE1FE65C0400848B60 /* Debug */ = {
			isa = XCBuildConfiguration;
			baseConfigurationReference = ED3A144C653CE205EC7ADA56 /* Pods-RxSwift_TableView.debug.xcconfig */;
			buildSettings = {
				ASSETCATALOG_COMPILER_APPICON_NAME = AppIcon;
				CODE_SIGN_STYLE = Automatic;
				DEVELOPMENT_TEAM = JZA75U545P;
				INFOPLIST_FILE = RxSwift_TableView/Info.plist;
				LD_RUNPATH_SEARCH_PATHS = "$(inherited) @executable_path/Frameworks";
				PRODUCT_BUNDLE_IDENTIFIER = "tw.idv.william.RxSwift-TableView";
				PRODUCT_NAME = "$(TARGET_NAME)";
				SWIFT_VERSION = 4.0;
				TARGETED_DEVICE_FAMILY = "1,2";
			};
			name = Debug;
		};
		6441E4FF1FE65C0400848B60 /* Release */ = {
			isa = XCBuildConfiguration;
			baseConfigurationReference = 4BBC6A43450802404C037755 /* Pods-RxSwift_TableView.release.xcconfig */;
			buildSettings = {
				ASSETCATALOG_COMPILER_APPICON_NAME = AppIcon;
				CODE_SIGN_STYLE = Automatic;
				DEVELOPMENT_TEAM = JZA75U545P;
				INFOPLIST_FILE = RxSwift_TableView/Info.plist;
				LD_RUNPATH_SEARCH_PATHS = "$(inherited) @executable_path/Frameworks";
				PRODUCT_BUNDLE_IDENTIFIER = "tw.idv.william.RxSwift-TableView";
				PRODUCT_NAME = "$(TARGET_NAME)";
				SWIFT_VERSION = 4.0;
				TARGETED_DEVICE_FAMILY = "1,2";
			};
			name = Release;
		};
/* End XCBuildConfiguration section */

/* Begin XCConfigurationList section */
		6441E4E61FE65C0400848B60 /* Build configuration list for PBXProject "RxSwift_TableView" */ = {
			isa = XCConfigurationList;
			buildConfigurations = (
				6441E4FB1FE65C0400848B60 /* Debug */,
				6441E4FC1FE65C0400848B60 /* Release */,
			);
			defaultConfigurationIsVisible = 0;
			defaultConfigurationName = Release;
		};
		6441E4FD1FE65C0400848B60 /* Build configuration list for PBXNativeTarget "RxSwift_TableView" */ = {
			isa = XCConfigurationList;
			buildConfigurations = (
				6441E4FE1FE65C0400848B60 /* Debug */,
				6441E4FF1FE65C0400848B60 /* Release */,
			);
			defaultConfigurationIsVisible = 0;
			defaultConfigurationName = Release;
		};
/* End XCConfigurationList section */
	};
	rootObject = 6441E4E31FE65C0400848B60 /* Project object */;
}
